PODS:
  - MaterialLikeTextField (0.1.0)

DEPENDENCIES:
  - MaterialLikeTextField (from `../`)

EXTERNAL SOURCES:
  MaterialLikeTextField:
    :path: "../"

SPEC CHECKSUMS:
  MaterialLikeTextField: a103a17849e25b4a588d1e30476a73b0b930b067

PODFILE CHECKSUM: ca7520376db5e04d85dbe8f0af9a649123e69977

COCOAPODS: 1.5.3
